// !$*UTF8*$!
{
	archiveVersion = 1;
	classes = {
	};
	objectVersion = 46;
	objects = {

/* Begin PBXBuildFile section */
		2AE6A7EF1CD9177400510A6D /* AppDelegate.swift in Sources */ = {isa = PBXBuildFile; fileRef = 2AE6A7EE1CD9177400510A6D /* AppDelegate.swift */; };
		2AE6A7F11CD9177400510A6D /* ViewController.swift in Sources */ = {isa = PBXBuildFile; fileRef = 2AE6A7F01CD9177400510A6D /* ViewController.swift */; };
		2AE6A7F41CD9177400510A6D /* Main.storyboard in Resources */ = {isa = PBXBuildFile; fileRef = 2AE6A7F21CD9177400510A6D /* Main.storyboard */; };
		2AE6A7F61CD9177400510A6D /* Assets.xcassets in Resources */ = {isa = PBXBuildFile; fileRef = 2AE6A7F51CD9177400510A6D /* Assets.xcassets */; };
		2AE6A7F91CD9177400510A6D /* LaunchScreen.storyboard in Resources */ = {isa = PBXBuildFile; fileRef = 2AE6A7F71CD9177400510A6D /* LaunchScreen.storyboard */; };
		2AE6A7FE1CD9177400510A6D /* BitFreeze WatchKit App.app in Embed Watch Content */ = {isa = PBXBuildFile; fileRef = 2AE6A7FD1CD9177400510A6D /* BitFreeze WatchKit App.app */; };
		2AE6A8041CD9177400510A6D /* Interface.storyboard in Resources */ = {isa = PBXBuildFile; fileRef = 2AE6A8021CD9177400510A6D /* Interface.storyboard */; };
		2AE6A8061CD9177400510A6D /* Assets.xcassets in Resources */ = {isa = PBXBuildFile; fileRef = 2AE6A8051CD9177400510A6D /* Assets.xcassets */; };
		2AE6A80D1CD9177400510A6D /* BitFreeze WatchKit Extension.appex in Embed App Extensions */ = {isa = PBXBuildFile; fileRef = 2AE6A80C1CD9177400510A6D /* BitFreeze WatchKit Extension.appex */; settings = {ATTRIBUTES = (RemoveHeadersOnCopy, ); }; };
		2AE6A8141CD9177400510A6D /* InterfaceController.swift in Sources */ = {isa = PBXBuildFile; fileRef = 2AE6A8131CD9177400510A6D /* InterfaceController.swift */; };
		2AE6A8161CD9177400510A6D /* ExtensionDelegate.swift in Sources */ = {isa = PBXBuildFile; fileRef = 2AE6A8151CD9177400510A6D /* ExtensionDelegate.swift */; };
		2AE6A8181CD9177400510A6D /* NotificationController.swift in Sources */ = {isa = PBXBuildFile; fileRef = 2AE6A8171CD9177400510A6D /* NotificationController.swift */; };
		2AE6A81A1CD9177400510A6D /* GlanceController.swift in Sources */ = {isa = PBXBuildFile; fileRef = 2AE6A8191CD9177400510A6D /* GlanceController.swift */; };
		2AE6A81C1CD9177400510A6D /* ComplicationController.swift in Sources */ = {isa = PBXBuildFile; fileRef = 2AE6A81B1CD9177400510A6D /* ComplicationController.swift */; };
		2AE6A81E1CD9177400510A6D /* Assets.xcassets in Resources */ = {isa = PBXBuildFile; fileRef = 2AE6A81D1CD9177400510A6D /* Assets.xcassets */; };
		44E9627E831E32F7FF695B5C /* Pods_BitFreeze_WatchKit_App.framework in Frameworks */ = {isa = PBXBuildFile; fileRef = 170EE78B28161A41AD892FBB /* Pods_BitFreeze_WatchKit_App.framework */; };
		A8B5C5575AAFE075C37B7E7C /* Pods_BitFreeze_WatchKit_Extension.framework in Frameworks */ = {isa = PBXBuildFile; fileRef = E2FE03524BCB52F588677EA2 /* Pods_BitFreeze_WatchKit_Extension.framework */; };
		BC578887E6F393D7D4DED702 /* Pods_BitFreeze.framework in Frameworks */ = {isa = PBXBuildFile; fileRef = A6C67432A3C58F2D88AC2C46 /* Pods_BitFreeze.framework */; };
/* End PBXBuildFile section */

/* Begin PBXContainerItemProxy section */
		2AE6A7FF1CD9177400510A6D /* PBXContainerItemProxy */ = {
			isa = PBXContainerItemProxy;
			containerPortal = 2AE6A7E31CD9177400510A6D /* Project object */;
			proxyType = 1;
			remoteGlobalIDString = 2AE6A7FC1CD9177400510A6D;
			remoteInfo = "BitFreeze WatchKit App";
		};
		2AE6A80E1CD9177400510A6D /* PBXContainerItemProxy */ = {
			isa = PBXContainerItemProxy;
			containerPortal = 2AE6A7E31CD9177400510A6D /* Project object */;
			proxyType = 1;
			remoteGlobalIDString = 2AE6A80B1CD9177400510A6D;
			remoteInfo = "BitFreeze WatchKit Extension";
		};
/* End PBXContainerItemProxy section */

/* Begin PBXCopyFilesBuildPhase section */
		2AE6A8251CD9177400510A6D /* Embed App Extensions */ = {
			isa = PBXCopyFilesBuildPhase;
			buildActionMask = 2147483647;
			dstPath = "";
			dstSubfolderSpec = 13;
			files = (
				2AE6A80D1CD9177400510A6D /* BitFreeze WatchKit Extension.appex in Embed App Extensions */,
			);
			name = "Embed App Extensions";
			runOnlyForDeploymentPostprocessing = 0;
		};
		2AE6A8291CD9177400510A6D /* Embed Watch Content */ = {
			isa = PBXCopyFilesBuildPhase;
			buildActionMask = 2147483647;
			dstPath = "$(CONTENTS_FOLDER_PATH)/Watch";
			dstSubfolderSpec = 16;
			files = (
				2AE6A7FE1CD9177400510A6D /* BitFreeze WatchKit App.app in Embed Watch Content */,
			);
			name = "Embed Watch Content";
			runOnlyForDeploymentPostprocessing = 0;
		};
/* End PBXCopyFilesBuildPhase section */

/* Begin PBXFileReference section */
		170EE78B28161A41AD892FBB /* Pods_BitFreeze_WatchKit_App.framework */ = {isa = PBXFileReference; explicitFileType = wrapper.framework; includeInIndex = 0; path = Pods_BitFreeze_WatchKit_App.framework; sourceTree = BUILT_PRODUCTS_DIR; };
		241AA123747568905E6E0E0E /* Pods-BitFreeze WatchKit Extension.release.xcconfig */ = {isa = PBXFileReference; includeInIndex = 1; lastKnownFileType = text.xcconfig; name = "Pods-BitFreeze WatchKit Extension.release.xcconfig"; path = "Pods/Target Support Files/Pods-BitFreeze WatchKit Extension/Pods-BitFreeze WatchKit Extension.release.xcconfig"; sourceTree = "<group>"; };
		2847B76E6A3C2A4BC2431EEC /* Pods-BitFreeze WatchKit App.release.xcconfig */ = {isa = PBXFileReference; includeInIndex = 1; lastKnownFileType = text.xcconfig; name = "Pods-BitFreeze WatchKit App.release.xcconfig"; path = "Pods/Target Support Files/Pods-BitFreeze WatchKit App/Pods-BitFreeze WatchKit App.release.xcconfig"; sourceTree = "<group>"; };
		2AE6A7EB1CD9177400510A6D /* BitFreeze.app */ = {isa = PBXFileReference; explicitFileType = wrapper.application; includeInIndex = 0; path = BitFreeze.app; sourceTree = BUILT_PRODUCTS_DIR; };
		2AE6A7EE1CD9177400510A6D /* AppDelegate.swift */ = {isa = PBXFileReference; lastKnownFileType = sourcecode.swift; path = AppDelegate.swift; sourceTree = "<group>"; };
		2AE6A7F01CD9177400510A6D /* ViewController.swift */ = {isa = PBXFileReference; lastKnownFileType = sourcecode.swift; path = ViewController.swift; sourceTree = "<group>"; };
		2AE6A7F31CD9177400510A6D /* Base */ = {isa = PBXFileReference; lastKnownFileType = file.storyboard; name = Base; path = Base.lproj/Main.storyboard; sourceTree = "<group>"; };
		2AE6A7F51CD9177400510A6D /* Assets.xcassets */ = {isa = PBXFileReference; lastKnownFileType = folder.assetcatalog; path = Assets.xcassets; sourceTree = "<group>"; };
		2AE6A7F81CD9177400510A6D /* Base */ = {isa = PBXFileReference; lastKnownFileType = file.storyboard; name = Base; path = Base.lproj/LaunchScreen.storyboard; sourceTree = "<group>"; };
		2AE6A7FA1CD9177400510A6D /* Info.plist */ = {isa = PBXFileReference; lastKnownFileType = text.plist.xml; path = Info.plist; sourceTree = "<group>"; };
		2AE6A7FD1CD9177400510A6D /* BitFreeze WatchKit App.app */ = {isa = PBXFileReference; explicitFileType = wrapper.application; includeInIndex = 0; path = "BitFreeze WatchKit App.app"; sourceTree = BUILT_PRODUCTS_DIR; };
		2AE6A8031CD9177400510A6D /* Base */ = {isa = PBXFileReference; lastKnownFileType = file.storyboard; name = Base; path = Base.lproj/Interface.storyboard; sourceTree = "<group>"; };
		2AE6A8051CD9177400510A6D /* Assets.xcassets */ = {isa = PBXFileReference; lastKnownFileType = folder.assetcatalog; path = Assets.xcassets; sourceTree = "<group>"; };
		2AE6A8071CD9177400510A6D /* Info.plist */ = {isa = PBXFileReference; lastKnownFileType = text.plist.xml; path = Info.plist; sourceTree = "<group>"; };
		2AE6A80C1CD9177400510A6D /* BitFreeze WatchKit Extension.appex */ = {isa = PBXFileReference; explicitFileType = "wrapper.app-extension"; includeInIndex = 0; path = "BitFreeze WatchKit Extension.appex"; sourceTree = BUILT_PRODUCTS_DIR; };
		2AE6A8121CD9177400510A6D /* PushNotificationPayload.apns */ = {isa = PBXFileReference; lastKnownFileType = text; path = PushNotificationPayload.apns; sourceTree = "<group>"; };
		2AE6A8131CD9177400510A6D /* InterfaceController.swift */ = {isa = PBXFileReference; lastKnownFileType = sourcecode.swift; path = InterfaceController.swift; sourceTree = "<group>"; };
		2AE6A8151CD9177400510A6D /* ExtensionDelegate.swift */ = {isa = PBXFileReference; lastKnownFileType = sourcecode.swift; path = ExtensionDelegate.swift; sourceTree = "<group>"; };
		2AE6A8171CD9177400510A6D /* NotificationController.swift */ = {isa = PBXFileReference; lastKnownFileType = sourcecode.swift; path = NotificationController.swift; sourceTree = "<group>"; };
		2AE6A8191CD9177400510A6D /* GlanceController.swift */ = {isa = PBXFileReference; lastKnownFileType = sourcecode.swift; path = GlanceController.swift; sourceTree = "<group>"; };
		2AE6A81B1CD9177400510A6D /* ComplicationController.swift */ = {isa = PBXFileReference; lastKnownFileType = sourcecode.swift; path = ComplicationController.swift; sourceTree = "<group>"; };
		2AE6A81D1CD9177400510A6D /* Assets.xcassets */ = {isa = PBXFileReference; lastKnownFileType = folder.assetcatalog; path = Assets.xcassets; sourceTree = "<group>"; };
		2AE6A81F1CD9177400510A6D /* Info.plist */ = {isa = PBXFileReference; lastKnownFileType = text.plist.xml; path = Info.plist; sourceTree = "<group>"; };
		3FC657D22D130FFB68894A43 /* Pods-BitFreeze.release.xcconfig */ = {isa = PBXFileReference; includeInIndex = 1; lastKnownFileType = text.xcconfig; name = "Pods-BitFreeze.release.xcconfig"; path = "Pods/Target Support Files/Pods-BitFreeze/Pods-BitFreeze.release.xcconfig"; sourceTree = "<group>"; };
		602513042F5A600948FF5BD5 /* Pods-BitFreeze.debug.xcconfig */ = {isa = PBXFileReference; includeInIndex = 1; lastKnownFileType = text.xcconfig; name = "Pods-BitFreeze.debug.xcconfig"; path = "Pods/Target Support Files/Pods-BitFreeze/Pods-BitFreeze.debug.xcconfig"; sourceTree = "<group>"; };
		A6C67432A3C58F2D88AC2C46 /* Pods_BitFreeze.framework */ = {isa = PBXFileReference; explicitFileType = wrapper.framework; includeInIndex = 0; path = Pods_BitFreeze.framework; sourceTree = BUILT_PRODUCTS_DIR; };
		BDE23FB9A0322BB26A8D0515 /* Pods-BitFreeze WatchKit App.debug.xcconfig */ = {isa = PBXFileReference; includeInIndex = 1; lastKnownFileType = text.xcconfig; name = "Pods-BitFreeze WatchKit App.debug.xcconfig"; path = "Pods/Target Support Files/Pods-BitFreeze WatchKit App/Pods-BitFreeze WatchKit App.debug.xcconfig"; sourceTree = "<group>"; };
		C1AE721075FA14C1FC86CC48 /* Pods-BitFreeze WatchKit Extension.debug.xcconfig */ = {isa = PBXFileReference; includeInIndex = 1; lastKnownFileType = text.xcconfig; name = "Pods-BitFreeze WatchKit Extension.debug.xcconfig"; path = "Pods/Target Support Files/Pods-BitFreeze WatchKit Extension/Pods-BitFreeze WatchKit Extension.debug.xcconfig"; sourceTree = "<group>"; };
		E2FE03524BCB52F588677EA2 /* Pods_BitFreeze_WatchKit_Extension.framework */ = {isa = PBXFileReference; explicitFileType = wrapper.framework; includeInIndex = 0; path = Pods_BitFreeze_WatchKit_Extension.framework; sourceTree = BUILT_PRODUCTS_DIR; };
/* End PBXFileReference section */

/* Begin PBXFrameworksBuildPhase section */
		2AE6A7E81CD9177400510A6D /* Frameworks */ = {
			isa = PBXFrameworksBuildPhase;
			buildActionMask = 2147483647;
			files = (
				BC578887E6F393D7D4DED702 /* Pods_BitFreeze.framework in Frameworks */,
			);
			runOnlyForDeploymentPostprocessing = 0;
		};
		2AE6A8091CD9177400510A6D /* Frameworks */ = {
			isa = PBXFrameworksBuildPhase;
			buildActionMask = 2147483647;
			files = (
				A8B5C5575AAFE075C37B7E7C /* Pods_BitFreeze_WatchKit_Extension.framework in Frameworks */,
			);
			runOnlyForDeploymentPostprocessing = 0;
		};
		A49D68BE4AFDB42DE7077724 /* Frameworks */ = {
			isa = PBXFrameworksBuildPhase;
			buildActionMask = 2147483647;
			files = (
				44E9627E831E32F7FF695B5C /* Pods_BitFreeze_WatchKit_App.framework in Frameworks */,
			);
			runOnlyForDeploymentPostprocessing = 0;
		};
/* End PBXFrameworksBuildPhase section */

/* Begin PBXGroup section */
		2AE6A7E21CD9177400510A6D = {
			isa = PBXGroup;
			children = (
				2AE6A7ED1CD9177400510A6D /* BitFreeze */,
				2AE6A8011CD9177400510A6D /* BitFreeze WatchKit App */,
				2AE6A8101CD9177400510A6D /* BitFreeze WatchKit Extension */,
				2AE6A7EC1CD9177400510A6D /* Products */,
				75F5BA1645737F13546FA8E5 /* Pods */,
				D1CBF53EC269800CA6B9236B /* Frameworks */,
			);
			sourceTree = "<group>";
		};
		2AE6A7EC1CD9177400510A6D /* Products */ = {
			isa = PBXGroup;
			children = (
				2AE6A7EB1CD9177400510A6D /* BitFreeze.app */,
				2AE6A7FD1CD9177400510A6D /* BitFreeze WatchKit App.app */,
				2AE6A80C1CD9177400510A6D /* BitFreeze WatchKit Extension.appex */,
			);
			name = Products;
			sourceTree = "<group>";
		};
		2AE6A7ED1CD9177400510A6D /* BitFreeze */ = {
			isa = PBXGroup;
			children = (
				2AE6A7EE1CD9177400510A6D /* AppDelegate.swift */,
				2AE6A7F01CD9177400510A6D /* ViewController.swift */,
				2AE6A7F21CD9177400510A6D /* Main.storyboard */,
				2AE6A7F51CD9177400510A6D /* Assets.xcassets */,
				2AE6A7F71CD9177400510A6D /* LaunchScreen.storyboard */,
				2AE6A7FA1CD9177400510A6D /* Info.plist */,
			);
			path = BitFreeze;
			sourceTree = "<group>";
		};
		2AE6A8011CD9177400510A6D /* BitFreeze WatchKit App */ = {
			isa = PBXGroup;
			children = (
				2AE6A8021CD9177400510A6D /* Interface.storyboard */,
				2AE6A8051CD9177400510A6D /* Assets.xcassets */,
				2AE6A8071CD9177400510A6D /* Info.plist */,
			);
			path = "BitFreeze WatchKit App";
			sourceTree = "<group>";
		};
		2AE6A8101CD9177400510A6D /* BitFreeze WatchKit Extension */ = {
			isa = PBXGroup;
			children = (
				2AE6A8131CD9177400510A6D /* InterfaceController.swift */,
				2AE6A8151CD9177400510A6D /* ExtensionDelegate.swift */,
				2AE6A8171CD9177400510A6D /* NotificationController.swift */,
				2AE6A8191CD9177400510A6D /* GlanceController.swift */,
				2AE6A81B1CD9177400510A6D /* ComplicationController.swift */,
				2AE6A81D1CD9177400510A6D /* Assets.xcassets */,
				2AE6A81F1CD9177400510A6D /* Info.plist */,
				2AE6A8111CD9177400510A6D /* Supporting Files */,
			);
			path = "BitFreeze WatchKit Extension";
			sourceTree = "<group>";
		};
		2AE6A8111CD9177400510A6D /* Supporting Files */ = {
			isa = PBXGroup;
			children = (
				2AE6A8121CD9177400510A6D /* PushNotificationPayload.apns */,
			);
			name = "Supporting Files";
			sourceTree = "<group>";
		};
		75F5BA1645737F13546FA8E5 /* Pods */ = {
			isa = PBXGroup;
			children = (
				602513042F5A600948FF5BD5 /* Pods-BitFreeze.debug.xcconfig */,
				3FC657D22D130FFB68894A43 /* Pods-BitFreeze.release.xcconfig */,
				BDE23FB9A0322BB26A8D0515 /* Pods-BitFreeze WatchKit App.debug.xcconfig */,
				2847B76E6A3C2A4BC2431EEC /* Pods-BitFreeze WatchKit App.release.xcconfig */,
				C1AE721075FA14C1FC86CC48 /* Pods-BitFreeze WatchKit Extension.debug.xcconfig */,
				241AA123747568905E6E0E0E /* Pods-BitFreeze WatchKit Extension.release.xcconfig */,
			);
			name = Pods;
			sourceTree = "<group>";
		};
		D1CBF53EC269800CA6B9236B /* Frameworks */ = {
			isa = PBXGroup;
			children = (
				A6C67432A3C58F2D88AC2C46 /* Pods_BitFreeze.framework */,
				170EE78B28161A41AD892FBB /* Pods_BitFreeze_WatchKit_App.framework */,
				E2FE03524BCB52F588677EA2 /* Pods_BitFreeze_WatchKit_Extension.framework */,
			);
			name = Frameworks;
			sourceTree = "<group>";
		};
/* End PBXGroup section */

/* Begin PBXNativeTarget section */
		2AE6A7EA1CD9177400510A6D /* BitFreeze */ = {
			isa = PBXNativeTarget;
			buildConfigurationList = 2AE6A82A1CD9177400510A6D /* Build configuration list for PBXNativeTarget "BitFreeze" */;
			buildPhases = (
				44F97EFCAB574DF0B2F18675 /* 📦 Check Pods Manifest.lock */,
				2AE6A7E71CD9177400510A6D /* Sources */,
				2AE6A7E81CD9177400510A6D /* Frameworks */,
				2AE6A7E91CD9177400510A6D /* Resources */,
				2AE6A8291CD9177400510A6D /* Embed Watch Content */,
				49FC19741A605003F2914F9F /* 📦 Embed Pods Frameworks */,
				A747CD3E2059D263B320105A /* 📦 Copy Pods Resources */,
			);
			buildRules = (
			);
			dependencies = (
				2AE6A8001CD9177400510A6D /* PBXTargetDependency */,
			);
			name = BitFreeze;
			productName = BitFreeze;
			productReference = 2AE6A7EB1CD9177400510A6D /* BitFreeze.app */;
			productType = "com.apple.product-type.application";
		};
		2AE6A7FC1CD9177400510A6D /* BitFreeze WatchKit App */ = {
			isa = PBXNativeTarget;
			buildConfigurationList = 2AE6A8261CD9177400510A6D /* Build configuration list for PBXNativeTarget "BitFreeze WatchKit App" */;
			buildPhases = (
				006E1C3CC250A395340FE967 /* 📦 Check Pods Manifest.lock */,
				2AE6A7FB1CD9177400510A6D /* Resources */,
				2AE6A8251CD9177400510A6D /* Embed App Extensions */,
				A49D68BE4AFDB42DE7077724 /* Frameworks */,
				C6B7E73C6B547ABE64AB382F /* 📦 Copy Pods Resources */,
			);
			buildRules = (
			);
			dependencies = (
				2AE6A80F1CD9177400510A6D /* PBXTargetDependency */,
			);
			name = "BitFreeze WatchKit App";
			productName = "BitFreeze WatchKit App";
			productReference = 2AE6A7FD1CD9177400510A6D /* BitFreeze WatchKit App.app */;
			productType = "com.apple.product-type.application.watchapp2";
		};
		2AE6A80B1CD9177400510A6D /* BitFreeze WatchKit Extension */ = {
			isa = PBXNativeTarget;
			buildConfigurationList = 2AE6A8221CD9177400510A6D /* Build configuration list for PBXNativeTarget "BitFreeze WatchKit Extension" */;
			buildPhases = (
				6D3995B74E8EE95AFA014898 /* 📦 Check Pods Manifest.lock */,
				2AE6A8081CD9177400510A6D /* Sources */,
				2AE6A8091CD9177400510A6D /* Frameworks */,
				2AE6A80A1CD9177400510A6D /* Resources */,
				175832C7954A5C7AEC1A3B5E /* 📦 Embed Pods Frameworks */,
				0DD8BC43A673995DAD68C1EC /* 📦 Copy Pods Resources */,
			);
			buildRules = (
			);
			dependencies = (
			);
			name = "BitFreeze WatchKit Extension";
			productName = "BitFreeze WatchKit Extension";
			productReference = 2AE6A80C1CD9177400510A6D /* BitFreeze WatchKit Extension.appex */;
			productType = "com.apple.product-type.watchkit2-extension";
		};
/* End PBXNativeTarget section */

/* Begin PBXProject section */
		2AE6A7E31CD9177400510A6D /* Project object */ = {
			isa = PBXProject;
			attributes = {
				LastSwiftUpdateCheck = 0730;
				LastUpgradeCheck = 0730;
				ORGANIZATIONNAME = "Ipsum Corp.";
				TargetAttributes = {
					2AE6A7EA1CD9177400510A6D = {
						CreatedOnToolsVersion = 7.3;
						DevelopmentTeam = EP442BQ3E9;
					};
					2AE6A7FC1CD9177400510A6D = {
						CreatedOnToolsVersion = 7.3;
						DevelopmentTeam = EP442BQ3E9;
					};
					2AE6A80B1CD9177400510A6D = {
						CreatedOnToolsVersion = 7.3;
						DevelopmentTeam = EP442BQ3E9;
					};
				};
			};
			buildConfigurationList = 2AE6A7E61CD9177400510A6D /* Build configuration list for PBXProject "BitFreeze" */;
			compatibilityVersion = "Xcode 3.2";
			developmentRegion = English;
			hasScannedForEncodings = 0;
			knownRegions = (
				en,
				Base,
			);
			mainGroup = 2AE6A7E21CD9177400510A6D;
			productRefGroup = 2AE6A7EC1CD9177400510A6D /* Products */;
			projectDirPath = "";
			projectRoot = "";
			targets = (
				2AE6A7EA1CD9177400510A6D /* BitFreeze */,
				2AE6A7FC1CD9177400510A6D /* BitFreeze WatchKit App */,
				2AE6A80B1CD9177400510A6D /* BitFreeze WatchKit Extension */,
			);
		};
/* End PBXProject section */

/* Begin PBXResourcesBuildPhase section */
		2AE6A7E91CD9177400510A6D /* Resources */ = {
			isa = PBXResourcesBuildPhase;
			buildActionMask = 2147483647;
			files = (
				2AE6A7F91CD9177400510A6D /* LaunchScreen.storyboard in Resources */,
				2AE6A7F61CD9177400510A6D /* Assets.xcassets in Resources */,
				2AE6A7F41CD9177400510A6D /* Main.storyboard in Resources */,
			);
			runOnlyForDeploymentPostprocessing = 0;
		};
		2AE6A7FB1CD9177400510A6D /* Resources */ = {
			isa = PBXResourcesBuildPhase;
			buildActionMask = 2147483647;
			files = (
				2AE6A8061CD9177400510A6D /* Assets.xcassets in Resources */,
				2AE6A8041CD9177400510A6D /* Interface.storyboard in Resources */,
			);
			runOnlyForDeploymentPostprocessing = 0;
		};
		2AE6A80A1CD9177400510A6D /* Resources */ = {
			isa = PBXResourcesBuildPhase;
			buildActionMask = 2147483647;
			files = (
				2AE6A81E1CD9177400510A6D /* Assets.xcassets in Resources */,
			);
			runOnlyForDeploymentPostprocessing = 0;
		};
/* End PBXResourcesBuildPhase section */

/* Begin PBXShellScriptBuildPhase section */
		006E1C3CC250A395340FE967 /* 📦 Check Pods Manifest.lock */ = {
			isa = PBXShellScriptBuildPhase;
			buildActionMask = 2147483647;
			files = (
			);
			inputPaths = (
			);
			name = "📦 Check Pods Manifest.lock";
			outputPaths = (
			);
			runOnlyForDeploymentPostprocessing = 0;
			shellPath = /bin/sh;
			shellScript = "diff \"${PODS_ROOT}/../Podfile.lock\" \"${PODS_ROOT}/Manifest.lock\" > /dev/null\nif [[ $? != 0 ]] ; then\n    cat << EOM\nerror: The sandbox is not in sync with the Podfile.lock. Run 'pod install' or update your CocoaPods installation.\nEOM\n    exit 1\nfi\n";
			showEnvVarsInLog = 0;
		};
		0DD8BC43A673995DAD68C1EC /* 📦 Copy Pods Resources */ = {
			isa = PBXShellScriptBuildPhase;
			buildActionMask = 2147483647;
			files = (
			);
			inputPaths = (
			);
			name = "📦 Copy Pods Resources";
			outputPaths = (
			);
			runOnlyForDeploymentPostprocessing = 0;
			shellPath = /bin/sh;
			shellScript = "\"${SRCROOT}/Pods/Target Support Files/Pods-BitFreeze WatchKit Extension/Pods-BitFreeze WatchKit Extension-resources.sh\"\n";
			showEnvVarsInLog = 0;
		};
		175832C7954A5C7AEC1A3B5E /* 📦 Embed Pods Frameworks */ = {
			isa = PBXShellScriptBuildPhase;
			buildActionMask = 2147483647;
			files = (
			);
			inputPaths = (
			);
			name = "📦 Embed Pods Frameworks";
			outputPaths = (
			);
			runOnlyForDeploymentPostprocessing = 0;
			shellPath = /bin/sh;
			shellScript = "\"${SRCROOT}/Pods/Target Support Files/Pods-BitFreeze WatchKit Extension/Pods-BitFreeze WatchKit Extension-frameworks.sh\"\n";
			showEnvVarsInLog = 0;
		};
		44F97EFCAB574DF0B2F18675 /* 📦 Check Pods Manifest.lock */ = {
			isa = PBXShellScriptBuildPhase;
			buildActionMask = 2147483647;
			files = (
			);
			inputPaths = (
			);
			name = "📦 Check Pods Manifest.lock";
			outputPaths = (
			);
			runOnlyForDeploymentPostprocessing = 0;
			shellPath = /bin/sh;
			shellScript = "diff \"${PODS_ROOT}/../Podfile.lock\" \"${PODS_ROOT}/Manifest.lock\" > /dev/null\nif [[ $? != 0 ]] ; then\n    cat << EOM\nerror: The sandbox is not in sync with the Podfile.lock. Run 'pod install' or update your CocoaPods installation.\nEOM\n    exit 1\nfi\n";
			showEnvVarsInLog = 0;
		};
		49FC19741A605003F2914F9F /* 📦 Embed Pods Frameworks */ = {
			isa = PBXShellScriptBuildPhase;
			buildActionMask = 2147483647;
			files = (
			);
			inputPaths = (
			);
			name = "📦 Embed Pods Frameworks";
			outputPaths = (
			);
			runOnlyForDeploymentPostprocessing = 0;
			shellPath = /bin/sh;
			shellScript = "\"${SRCROOT}/Pods/Target Support Files/Pods-BitFreeze/Pods-BitFreeze-frameworks.sh\"\n";
			showEnvVarsInLog = 0;
		};
		6D3995B74E8EE95AFA014898 /* 📦 Check Pods Manifest.lock */ = {
			isa = PBXShellScriptBuildPhase;
			buildActionMask = 2147483647;
			files = (
			);
			inputPaths = (
			);
			name = "📦 Check Pods Manifest.lock";
			outputPaths = (
			);
			runOnlyForDeploymentPostprocessing = 0;
			shellPath = /bin/sh;
			shellScript = "diff \"${PODS_ROOT}/../Podfile.lock\" \"${PODS_ROOT}/Manifest.lock\" > /dev/null\nif [[ $? != 0 ]] ; then\n    cat << EOM\nerror: The sandbox is not in sync with the Podfile.lock. Run 'pod install' or update your CocoaPods installation.\nEOM\n    exit 1\nfi\n";
			showEnvVarsInLog = 0;
		};
		A747CD3E2059D263B320105A /* 📦 Copy Pods Resources */ = {
			isa = PBXShellScriptBuildPhase;
			buildActionMask = 2147483647;
			files = (
			);
			inputPaths = (
			);
			name = "📦 Copy Pods Resources";
			outputPaths = (
			);
			runOnlyForDeploymentPostprocessing = 0;
			shellPath = /bin/sh;
			shellScript = "\"${SRCROOT}/Pods/Target Support Files/Pods-BitFreeze/Pods-BitFreeze-resources.sh\"\n";
			showEnvVarsInLog = 0;
		};
		C6B7E73C6B547ABE64AB382F /* 📦 Copy Pods Resources */ = {
			isa = PBXShellScriptBuildPhase;
			buildActionMask = 2147483647;
			files = (
			);
			inputPaths = (
			);
			name = "📦 Copy Pods Resources";
			outputPaths = (
			);
			runOnlyForDeploymentPostprocessing = 0;
			shellPath = /bin/sh;
			shellScript = "\"${SRCROOT}/Pods/Target Support Files/Pods-BitFreeze WatchKit App/Pods-BitFreeze WatchKit App-resources.sh\"\n";
			showEnvVarsInLog = 0;
		};
/* End PBXShellScriptBuildPhase section */

/* Begin PBXSourcesBuildPhase section */
		2AE6A7E71CD9177400510A6D /* Sources */ = {
			isa = PBXSourcesBuildPhase;
			buildActionMask = 2147483647;
			files = (
				2AE6A7F11CD9177400510A6D /* ViewController.swift in Sources */,
				2AE6A7EF1CD9177400510A6D /* AppDelegate.swift in Sources */,
			);
			runOnlyForDeploymentPostprocessing = 0;
		};
		2AE6A8081CD9177400510A6D /* Sources */ = {
			isa = PBXSourcesBuildPhase;
			buildActionMask = 2147483647;
			files = (
				2AE6A8181CD9177400510A6D /* NotificationController.swift in Sources */,
				2AE6A8161CD9177400510A6D /* ExtensionDelegate.swift in Sources */,
				2AE6A81C1CD9177400510A6D /* ComplicationController.swift in Sources */,
				2AE6A8141CD9177400510A6D /* InterfaceController.swift in Sources */,
				2AE6A81A1CD9177400510A6D /* GlanceController.swift in Sources */,
			);
			runOnlyForDeploymentPostprocessing = 0;
		};
/* End PBXSourcesBuildPhase section */

/* Begin PBXTargetDependency section */
		2AE6A8001CD9177400510A6D /* PBXTargetDependency */ = {
			isa = PBXTargetDependency;
			target = 2AE6A7FC1CD9177400510A6D /* BitFreeze WatchKit App */;
			targetProxy = 2AE6A7FF1CD9177400510A6D /* PBXContainerItemProxy */;
		};
		2AE6A80F1CD9177400510A6D /* PBXTargetDependency */ = {
			isa = PBXTargetDependency;
			target = 2AE6A80B1CD9177400510A6D /* BitFreeze WatchKit Extension */;
			targetProxy = 2AE6A80E1CD9177400510A6D /* PBXContainerItemProxy */;
		};
/* End PBXTargetDependency section */

/* Begin PBXVariantGroup section */
		2AE6A7F21CD9177400510A6D /* Main.storyboard */ = {
			isa = PBXVariantGroup;
			children = (
				2AE6A7F31CD9177400510A6D /* Base */,
			);
			name = Main.storyboard;
			sourceTree = "<group>";
		};
		2AE6A7F71CD9177400510A6D /* LaunchScreen.storyboard */ = {
			isa = PBXVariantGroup;
			children = (
				2AE6A7F81CD9177400510A6D /* Base */,
			);
			name = LaunchScreen.storyboard;
			sourceTree = "<group>";
		};
		2AE6A8021CD9177400510A6D /* Interface.storyboard */ = {
			isa = PBXVariantGroup;
			children = (
				2AE6A8031CD9177400510A6D /* Base */,
			);
			name = Interface.storyboard;
			sourceTree = "<group>";
		};
/* End PBXVariantGroup section */

/* Begin XCBuildConfiguration section */
		2AE6A8201CD9177400510A6D /* Debug */ = {
			isa = XCBuildConfiguration;
			buildSettings = {
				ALWAYS_SEARCH_USER_PATHS = NO;
				CLANG_ANALYZER_NONNULL = YES;
				CLANG_CXX_LANGUAGE_STANDARD = "gnu++0x";
				CLANG_CXX_LIBRARY = "libc++";
				CLANG_ENABLE_MODULES = YES;
				CLANG_ENABLE_OBJC_ARC = YES;
				CLANG_WARN_BOOL_CONVERSION = YES;
				CLANG_WARN_CONSTANT_CONVERSION = YES;
				CLANG_WARN_DIRECT_OBJC_ISA_USAGE = YES_ERROR;
				CLANG_WARN_EMPTY_BODY = YES;
				CLANG_WARN_ENUM_CONVERSION = YES;
				CLANG_WARN_INT_CONVERSION = YES;
				CLANG_WARN_OBJC_ROOT_CLASS = YES_ERROR;
				CLANG_WARN_UNREACHABLE_CODE = YES;
				CLANG_WARN__DUPLICATE_METHOD_MATCH = YES;
				"CODE_SIGN_IDENTITY[sdk=iphoneos*]" = "iPhone Developer";
				COPY_PHASE_STRIP = NO;
				DEBUG_INFORMATION_FORMAT = dwarf;
				ENABLE_STRICT_OBJC_MSGSEND = YES;
				ENABLE_TESTABILITY = YES;
				GCC_C_LANGUAGE_STANDARD = gnu99;
				GCC_DYNAMIC_NO_PIC = NO;
				GCC_NO_COMMON_BLOCKS = YES;
				GCC_OPTIMIZATION_LEVEL = 0;
				GCC_PREPROCESSOR_DEFINITIONS = (
					"DEBUG=1",
					"$(inherited)",
				);
				GCC_WARN_64_TO_32_BIT_CONVERSION = YES;
				GCC_WARN_ABOUT_RETURN_TYPE = YES_ERROR;
				GCC_WARN_UNDECLARED_SELECTOR = YES;
				GCC_WARN_UNINITIALIZED_AUTOS = YES_AGGRESSIVE;
				GCC_WARN_UNUSED_FUNCTION = YES;
				GCC_WARN_UNUSED_VARIABLE = YES;
				IPHONEOS_DEPLOYMENT_TARGET = 9.3;
				MTL_ENABLE_DEBUG_INFO = YES;
				ONLY_ACTIVE_ARCH = YES;
				SDKROOT = iphoneos;
				SWIFT_OPTIMIZATION_LEVEL = "-Onone";
				TARGETED_DEVICE_FAMILY = "1,2";
			};
			name = Debug;
		};
		2AE6A8211CD9177400510A6D /* Release */ = {
			isa = XCBuildConfiguration;
			buildSettings = {
				ALWAYS_SEARCH_USER_PATHS = NO;
				CLANG_ANALYZER_NONNULL = YES;
				CLANG_CXX_LANGUAGE_STANDARD = "gnu++0x";
				CLANG_CXX_LIBRARY = "libc++";
				CLANG_ENABLE_MODULES = YES;
				CLANG_ENABLE_OBJC_ARC = YES;
				CLANG_WARN_BOOL_CONVERSION = YES;
				CLANG_WARN_CONSTANT_CONVERSION = YES;
				CLANG_WARN_DIRECT_OBJC_ISA_USAGE = YES_ERROR;
				CLANG_WARN_EMPTY_BODY = YES;
				CLANG_WARN_ENUM_CONVERSION = YES;
				CLANG_WARN_INT_CONVERSION = YES;
				CLANG_WARN_OBJC_ROOT_CLASS = YES_ERROR;
				CLANG_WARN_UNREACHABLE_CODE = YES;
				CLANG_WARN__DUPLICATE_METHOD_MATCH = YES;
				"CODE_SIGN_IDENTITY[sdk=iphoneos*]" = "iPhone Developer";
				COPY_PHASE_STRIP = NO;
				DEBUG_INFORMATION_FORMAT = "dwarf-with-dsym";
				ENABLE_NS_ASSERTIONS = NO;
				ENABLE_STRICT_OBJC_MSGSEND = YES;
				GCC_C_LANGUAGE_STANDARD = gnu99;
				GCC_NO_COMMON_BLOCKS = YES;
				GCC_WARN_64_TO_32_BIT_CONVERSION = YES;
				GCC_WARN_ABOUT_RETURN_TYPE = YES_ERROR;
				GCC_WARN_UNDECLARED_SELECTOR = YES;
				GCC_WARN_UNINITIALIZED_AUTOS = YES_AGGRESSIVE;
				GCC_WARN_UNUSED_FUNCTION = YES;
				GCC_WARN_UNUSED_VARIABLE = YES;
				IPHONEOS_DEPLOYMENT_TARGET = 9.3;
				MTL_ENABLE_DEBUG_INFO = NO;
				SDKROOT = iphoneos;
				TARGETED_DEVICE_FAMILY = "1,2";
				VALIDATE_PRODUCT = YES;
			};
			name = Release;
		};
		2AE6A8231CD9177400510A6D /* Debug */ = {
			isa = XCBuildConfiguration;
			baseConfigurationReference = C1AE721075FA14C1FC86CC48 /* Pods-BitFreeze WatchKit Extension.debug.xcconfig */;
			buildSettings = {
				ASSETCATALOG_COMPILER_COMPLICATION_NAME = Complication;
				INFOPLIST_FILE = "BitFreeze WatchKit Extension/Info.plist";
				LD_RUNPATH_SEARCH_PATHS = "$(inherited) @executable_path/Frameworks @executable_path/../../Frameworks";
				PRODUCT_BUNDLE_IDENTIFIER = com.IpsumCorp.BitFreeze.watchkitapp.watchkitextension;
				PRODUCT_NAME = "${TARGET_NAME}";
				SDKROOT = watchos;
				SKIP_INSTALL = YES;
				TARGETED_DEVICE_FAMILY = 4;
				WATCHOS_DEPLOYMENT_TARGET = 2.2;
			};
			name = Debug;
		};
		2AE6A8241CD9177400510A6D /* Release */ = {
			isa = XCBuildConfiguration;
			baseConfigurationReference = 241AA123747568905E6E0E0E /* Pods-BitFreeze WatchKit Extension.release.xcconfig */;
			buildSettings = {
				ASSETCATALOG_COMPILER_COMPLICATION_NAME = Complication;
				INFOPLIST_FILE = "BitFreeze WatchKit Extension/Info.plist";
				LD_RUNPATH_SEARCH_PATHS = "$(inherited) @executable_path/Frameworks @executable_path/../../Frameworks";
				PRODUCT_BUNDLE_IDENTIFIER = com.IpsumCorp.BitFreeze.watchkitapp.watchkitextension;
				PRODUCT_NAME = "${TARGET_NAME}";
				SDKROOT = watchos;
				SKIP_INSTALL = YES;
				TARGETED_DEVICE_FAMILY = 4;
				WATCHOS_DEPLOYMENT_TARGET = 2.2;
			};
			name = Release;
		};
		2AE6A8271CD9177400510A6D /* Debug */ = {
			isa = XCBuildConfiguration;
			baseConfigurationReference = BDE23FB9A0322BB26A8D0515 /* Pods-BitFreeze WatchKit App.debug.xcconfig */;
			buildSettings = {
				ASSETCATALOG_COMPILER_APPICON_NAME = AppIcon;
				EMBEDDED_CONTENT_CONTAINS_SWIFT = YES;
				IBSC_MODULE = BitFreeze_WatchKit_Extension;
				INFOPLIST_FILE = "BitFreeze WatchKit App/Info.plist";
				PRODUCT_BUNDLE_IDENTIFIER = com.IpsumCorp.BitFreeze.watchkitapp;
				PRODUCT_NAME = "$(TARGET_NAME)";
				SDKROOT = watchos;
				SKIP_INSTALL = YES;
				TARGETED_DEVICE_FAMILY = 4;
				WATCHOS_DEPLOYMENT_TARGET = 2.2;
			};
			name = Debug;
		};
		2AE6A8281CD9177400510A6D /* Release */ = {
			isa = XCBuildConfiguration;
			baseConfigurationReference = 2847B76E6A3C2A4BC2431EEC /* Pods-BitFreeze WatchKit App.release.xcconfig */;
			buildSettings = {
				ASSETCATALOG_COMPILER_APPICON_NAME = AppIcon;
				EMBEDDED_CONTENT_CONTAINS_SWIFT = YES;
				IBSC_MODULE = BitFreeze_WatchKit_Extension;
				INFOPLIST_FILE = "BitFreeze WatchKit App/Info.plist";
				PRODUCT_BUNDLE_IDENTIFIER = com.IpsumCorp.BitFreeze.watchkitapp;
				PRODUCT_NAME = "$(TARGET_NAME)";
				SDKROOT = watchos;
				SKIP_INSTALL = YES;
				TARGETED_DEVICE_FAMILY = 4;
				WATCHOS_DEPLOYMENT_TARGET = 2.2;
			};
			name = Release;
		};
		2AE6A82B1CD9177400510A6D /* Debug */ = {
			isa = XCBuildConfiguration;
			baseConfigurationReference = 602513042F5A600948FF5BD5 /* Pods-BitFreeze.debug.xcconfig */;
			buildSettings = {
				ASSETCATALOG_COMPILER_APPICON_NAME = AppIcon;
				INFOPLIST_FILE = BitFreeze/Info.plist;
				LD_RUNPATH_SEARCH_PATHS = "$(inherited) @executable_path/Frameworks";
				PRODUCT_BUNDLE_IDENTIFIER = com.IpsumCorp.BitFreeze;
				PRODUCT_NAME = "$(TARGET_NAME)";
			};
			name = Debug;
		};
		2AE6A82C1CD9177400510A6D /* Release */ = {
			isa = XCBuildConfiguration;
			baseConfigurationReference = 3FC657D22D130FFB68894A43 /* Pods-BitFreeze.release.xcconfig */;
			buildSettings = {
				ASSETCATALOG_COMPILER_APPICON_NAME = AppIcon;
				INFOPLIST_FILE = BitFreeze/Info.plist;
				LD_RUNPATH_SEARCH_PATHS = "$(inherited) @executable_path/Frameworks";
				PRODUCT_BUNDLE_IDENTIFIER = com.IpsumCorp.BitFreeze;
				PRODUCT_NAME = "$(TARGET_NAME)";
			};
			name = Release;
		};
/* End XCBuildConfiguration section */

/* Begin XCConfigurationList section */
		2AE6A7E61CD9177400510A6D /* Build configuration list for PBXProject "BitFreeze" */ = {
			isa = XCConfigurationList;
			buildConfigurations = (
				2AE6A8201CD9177400510A6D /* Debug */,
				2AE6A8211CD9177400510A6D /* Release */,
			);
			defaultConfigurationIsVisible = 0;
			defaultConfigurationName = Release;
		};
		2AE6A8221CD9177400510A6D /* Build configuration list for PBXNativeTarget "BitFreeze WatchKit Extension" */ = {
			isa = XCConfigurationList;
			buildConfigurations = (
				2AE6A8231CD9177400510A6D /* Debug */,
				2AE6A8241CD9177400510A6D /* Release */,
			);
			defaultConfigurationIsVisible = 0;
			defaultConfigurationName = Release;
		};
		2AE6A8261CD9177400510A6D /* Build configuration list for PBXNativeTarget "BitFreeze WatchKit App" */ = {
			isa = XCConfigurationList;
			buildConfigurations = (
				2AE6A8271CD9177400510A6D /* Debug */,
				2AE6A8281CD9177400510A6D /* Release */,
			);
			defaultConfigurationIsVisible = 0;
			defaultConfigurationName = Release;
		};
		2AE6A82A1CD9177400510A6D /* Build configuration list for PBXNativeTarget "BitFreeze" */ = {
			isa = XCConfigurationList;
			buildConfigurations = (
				2AE6A82B1CD9177400510A6D /* Debug */,
				2AE6A82C1CD9177400510A6D /* Release */,
			);
			defaultConfigurationIsVisible = 0;
			defaultConfigurationName = Release;
		};
/* End XCConfigurationList section */
	};
	rootObject = 2AE6A7E31CD9177400510A6D /* Project object */;
}
