// !$*UTF8*$!
{
	archiveVersion = 1;
	classes = {
	};
	objectVersion = 46;
	objects = {

/* Begin PBXBuildFile section */
		2A5E856A1CD9163000B9AE16 /* AppDelegate.swift in Sources */ = {isa = PBXBuildFile; fileRef = 2A5E85691CD9163000B9AE16 /* AppDelegate.swift */; };
		2A5E856C1CD9163000B9AE16 /* ViewController.swift in Sources */ = {isa = PBXBuildFile; fileRef = 2A5E856B1CD9163000B9AE16 /* ViewController.swift */; };
		2A5E856F1CD9163000B9AE16 /* Main.storyboard in Resources */ = {isa = PBXBuildFile; fileRef = 2A5E856D1CD9163000B9AE16 /* Main.storyboard */; };
		2A5E85711CD9163000B9AE16 /* Assets.xcassets in Resources */ = {isa = PBXBuildFile; fileRef = 2A5E85701CD9163000B9AE16 /* Assets.xcassets */; };
		2A5E85741CD9163000B9AE16 /* LaunchScreen.storyboard in Resources */ = {isa = PBXBuildFile; fileRef = 2A5E85721CD9163000B9AE16 /* LaunchScreen.storyboard */; };
		2A5E857F1CD9163000B9AE16 /* BitFreezeTests.swift in Sources */ = {isa = PBXBuildFile; fileRef = 2A5E857E1CD9163000B9AE16 /* BitFreezeTests.swift */; };
		2A5E858A1CD9163000B9AE16 /* BitFreezeUITests.swift in Sources */ = {isa = PBXBuildFile; fileRef = 2A5E85891CD9163000B9AE16 /* BitFreezeUITests.swift */; };
		2A5E858F1CD9163000B9AE16 /* BitFreeze WatchKit App.app in Embed Watch Content */ = {isa = PBXBuildFile; fileRef = 2A5E858E1CD9163000B9AE16 /* BitFreeze WatchKit App.app */; };
		2A5E85951CD9163000B9AE16 /* Interface.storyboard in Resources */ = {isa = PBXBuildFile; fileRef = 2A5E85931CD9163000B9AE16 /* Interface.storyboard */; };
		2A5E85971CD9163000B9AE16 /* Assets.xcassets in Resources */ = {isa = PBXBuildFile; fileRef = 2A5E85961CD9163000B9AE16 /* Assets.xcassets */; };
		2A5E859E1CD9163000B9AE16 /* BitFreeze WatchKit Extension.appex in Embed App Extensions */ = {isa = PBXBuildFile; fileRef = 2A5E859D1CD9163000B9AE16 /* BitFreeze WatchKit Extension.appex */; settings = {ATTRIBUTES = (RemoveHeadersOnCopy, ); }; };
		2A5E85A51CD9163000B9AE16 /* InterfaceController.swift in Sources */ = {isa = PBXBuildFile; fileRef = 2A5E85A41CD9163000B9AE16 /* InterfaceController.swift */; };
		2A5E85A71CD9163000B9AE16 /* ExtensionDelegate.swift in Sources */ = {isa = PBXBuildFile; fileRef = 2A5E85A61CD9163000B9AE16 /* ExtensionDelegate.swift */; };
		2A5E85A91CD9163000B9AE16 /* NotificationController.swift in Sources */ = {isa = PBXBuildFile; fileRef = 2A5E85A81CD9163000B9AE16 /* NotificationController.swift */; };
		2A5E85AB1CD9163000B9AE16 /* GlanceController.swift in Sources */ = {isa = PBXBuildFile; fileRef = 2A5E85AA1CD9163000B9AE16 /* GlanceController.swift */; };
		2A5E85AD1CD9163000B9AE16 /* ComplicationController.swift in Sources */ = {isa = PBXBuildFile; fileRef = 2A5E85AC1CD9163000B9AE16 /* ComplicationController.swift */; };
		2A5E85AF1CD9163100B9AE16 /* Assets.xcassets in Resources */ = {isa = PBXBuildFile; fileRef = 2A5E85AE1CD9163100B9AE16 /* Assets.xcassets */; };
/* End PBXBuildFile section */

/* Begin PBXContainerItemProxy section */
		2A5E857B1CD9163000B9AE16 /* PBXContainerItemProxy */ = {
			isa = PBXContainerItemProxy;
			containerPortal = 2A5E855E1CD9163000B9AE16 /* Project object */;
			proxyType = 1;
			remoteGlobalIDString = 2A5E85651CD9163000B9AE16;
			remoteInfo = BitFreeze;
		};
		2A5E85861CD9163000B9AE16 /* PBXContainerItemProxy */ = {
			isa = PBXContainerItemProxy;
			containerPortal = 2A5E855E1CD9163000B9AE16 /* Project object */;
			proxyType = 1;
			remoteGlobalIDString = 2A5E85651CD9163000B9AE16;
			remoteInfo = BitFreeze;
		};
		2A5E85901CD9163000B9AE16 /* PBXContainerItemProxy */ = {
			isa = PBXContainerItemProxy;
			containerPortal = 2A5E855E1CD9163000B9AE16 /* Project object */;
			proxyType = 1;
			remoteGlobalIDString = 2A5E858D1CD9163000B9AE16;
			remoteInfo = "BitFreeze WatchKit App";
		};
		2A5E859F1CD9163000B9AE16 /* PBXContainerItemProxy */ = {
			isa = PBXContainerItemProxy;
			containerPortal = 2A5E855E1CD9163000B9AE16 /* Project object */;
			proxyType = 1;
			remoteGlobalIDString = 2A5E859C1CD9163000B9AE16;
			remoteInfo = "BitFreeze WatchKit Extension";
		};
/* End PBXContainerItemProxy section */

/* Begin PBXCopyFilesBuildPhase section */
		2A5E85B61CD9163100B9AE16 /* Embed App Extensions */ = {
			isa = PBXCopyFilesBuildPhase;
			buildActionMask = 2147483647;
			dstPath = "";
			dstSubfolderSpec = 13;
			files = (
				2A5E859E1CD9163000B9AE16 /* BitFreeze WatchKit Extension.appex in Embed App Extensions */,
			);
			name = "Embed App Extensions";
			runOnlyForDeploymentPostprocessing = 0;
		};
		2A5E85BA1CD9163100B9AE16 /* Embed Watch Content */ = {
			isa = PBXCopyFilesBuildPhase;
			buildActionMask = 2147483647;
			dstPath = "$(CONTENTS_FOLDER_PATH)/Watch";
			dstSubfolderSpec = 16;
			files = (
				2A5E858F1CD9163000B9AE16 /* BitFreeze WatchKit App.app in Embed Watch Content */,
			);
			name = "Embed Watch Content";
			runOnlyForDeploymentPostprocessing = 0;
		};
/* End PBXCopyFilesBuildPhase section */

/* Begin PBXFileReference section */
		2A5E85661CD9163000B9AE16 /* BitFreeze.app */ = {isa = PBXFileReference; explicitFileType = wrapper.application; includeInIndex = 0; path = BitFreeze.app; sourceTree = BUILT_PRODUCTS_DIR; };
		2A5E85691CD9163000B9AE16 /* AppDelegate.swift */ = {isa = PBXFileReference; lastKnownFileType = sourcecode.swift; path = AppDelegate.swift; sourceTree = "<group>"; };
		2A5E856B1CD9163000B9AE16 /* ViewController.swift */ = {isa = PBXFileReference; lastKnownFileType = sourcecode.swift; path = ViewController.swift; sourceTree = "<group>"; };
		2A5E856E1CD9163000B9AE16 /* Base */ = {isa = PBXFileReference; lastKnownFileType = file.storyboard; name = Base; path = Base.lproj/Main.storyboard; sourceTree = "<group>"; };
		2A5E85701CD9163000B9AE16 /* Assets.xcassets */ = {isa = PBXFileReference; lastKnownFileType = folder.assetcatalog; path = Assets.xcassets; sourceTree = "<group>"; };
		2A5E85731CD9163000B9AE16 /* Base */ = {isa = PBXFileReference; lastKnownFileType = file.storyboard; name = Base; path = Base.lproj/LaunchScreen.storyboard; sourceTree = "<group>"; };
		2A5E85751CD9163000B9AE16 /* Info.plist */ = {isa = PBXFileReference; lastKnownFileType = text.plist.xml; path = Info.plist; sourceTree = "<group>"; };
		2A5E857A1CD9163000B9AE16 /* BitFreezeTests.xctest */ = {isa = PBXFileReference; explicitFileType = wrapper.cfbundle; includeInIndex = 0; path = BitFreezeTests.xctest; sourceTree = BUILT_PRODUCTS_DIR; };
		2A5E857E1CD9163000B9AE16 /* BitFreezeTests.swift */ = {isa = PBXFileReference; lastKnownFileType = sourcecode.swift; path = BitFreezeTests.swift; sourceTree = "<group>"; };
		2A5E85801CD9163000B9AE16 /* Info.plist */ = {isa = PBXFileReference; lastKnownFileType = text.plist.xml; path = Info.plist; sourceTree = "<group>"; };
		2A5E85851CD9163000B9AE16 /* BitFreezeUITests.xctest */ = {isa = PBXFileReference; explicitFileType = wrapper.cfbundle; includeInIndex = 0; path = BitFreezeUITests.xctest; sourceTree = BUILT_PRODUCTS_DIR; };
		2A5E85891CD9163000B9AE16 /* BitFreezeUITests.swift */ = {isa = PBXFileReference; lastKnownFileType = sourcecode.swift; path = BitFreezeUITests.swift; sourceTree = "<group>"; };
		2A5E858B1CD9163000B9AE16 /* Info.plist */ = {isa = PBXFileReference; lastKnownFileType = text.plist.xml; path = Info.plist; sourceTree = "<group>"; };
		2A5E858E1CD9163000B9AE16 /* BitFreeze WatchKit App.app */ = {isa = PBXFileReference; explicitFileType = wrapper.application; includeInIndex = 0; path = "BitFreeze WatchKit App.app"; sourceTree = BUILT_PRODUCTS_DIR; };
		2A5E85941CD9163000B9AE16 /* Base */ = {isa = PBXFileReference; lastKnownFileType = file.storyboard; name = Base; path = Base.lproj/Interface.storyboard; sourceTree = "<group>"; };
		2A5E85961CD9163000B9AE16 /* Assets.xcassets */ = {isa = PBXFileReference; lastKnownFileType = folder.assetcatalog; path = Assets.xcassets; sourceTree = "<group>"; };
		2A5E85981CD9163000B9AE16 /* Info.plist */ = {isa = PBXFileReference; lastKnownFileType = text.plist.xml; path = Info.plist; sourceTree = "<group>"; };
		2A5E859D1CD9163000B9AE16 /* BitFreeze WatchKit Extension.appex */ = {isa = PBXFileReference; explicitFileType = "wrapper.app-extension"; includeInIndex = 0; path = "BitFreeze WatchKit Extension.appex"; sourceTree = BUILT_PRODUCTS_DIR; };
		2A5E85A31CD9163000B9AE16 /* PushNotificationPayload.apns */ = {isa = PBXFileReference; lastKnownFileType = text; path = PushNotificationPayload.apns; sourceTree = "<group>"; };
		2A5E85A41CD9163000B9AE16 /* InterfaceController.swift */ = {isa = PBXFileReference; lastKnownFileType = sourcecode.swift; path = InterfaceController.swift; sourceTree = "<group>"; };
		2A5E85A61CD9163000B9AE16 /* ExtensionDelegate.swift */ = {isa = PBXFileReference; lastKnownFileType = sourcecode.swift; path = ExtensionDelegate.swift; sourceTree = "<group>"; };
		2A5E85A81CD9163000B9AE16 /* NotificationController.swift */ = {isa = PBXFileReference; lastKnownFileType = sourcecode.swift; path = NotificationController.swift; sourceTree = "<group>"; };
		2A5E85AA1CD9163000B9AE16 /* GlanceController.swift */ = {isa = PBXFileReference; lastKnownFileType = sourcecode.swift; path = GlanceController.swift; sourceTree = "<group>"; };
		2A5E85AC1CD9163000B9AE16 /* ComplicationController.swift */ = {isa = PBXFileReference; lastKnownFileType = sourcecode.swift; path = ComplicationController.swift; sourceTree = "<group>"; };
		2A5E85AE1CD9163100B9AE16 /* Assets.xcassets */ = {isa = PBXFileReference; lastKnownFileType = folder.assetcatalog; path = Assets.xcassets; sourceTree = "<group>"; };
		2A5E85B01CD9163100B9AE16 /* Info.plist */ = {isa = PBXFileReference; lastKnownFileType = text.plist.xml; path = Info.plist; sourceTree = "<group>"; };
/* End PBXFileReference section */

/* Begin PBXFrameworksBuildPhase section */
		2A5E85631CD9163000B9AE16 /* Frameworks */ = {
			isa = PBXFrameworksBuildPhase;
			buildActionMask = 2147483647;
			files = (
			);
			runOnlyForDeploymentPostprocessing = 0;
		};
		2A5E85771CD9163000B9AE16 /* Frameworks */ = {
			isa = PBXFrameworksBuildPhase;
			buildActionMask = 2147483647;
			files = (
			);
			runOnlyForDeploymentPostprocessing = 0;
		};
		2A5E85821CD9163000B9AE16 /* Frameworks */ = {
			isa = PBXFrameworksBuildPhase;
			buildActionMask = 2147483647;
			files = (
			);
			runOnlyForDeploymentPostprocessing = 0;
		};
		2A5E859A1CD9163000B9AE16 /* Frameworks */ = {
			isa = PBXFrameworksBuildPhase;
			buildActionMask = 2147483647;
			files = (
			);
			runOnlyForDeploymentPostprocessing = 0;
		};
/* End PBXFrameworksBuildPhase section */

/* Begin PBXGroup section */
		2A5E855D1CD9163000B9AE16 = {
			isa = PBXGroup;
			children = (
				2A5E85681CD9163000B9AE16 /* BitFreeze */,
				2A5E857D1CD9163000B9AE16 /* BitFreezeTests */,
				2A5E85881CD9163000B9AE16 /* BitFreezeUITests */,
				2A5E85921CD9163000B9AE16 /* BitFreeze WatchKit App */,
				2A5E85A11CD9163000B9AE16 /* BitFreeze WatchKit Extension */,
				2A5E85671CD9163000B9AE16 /* Products */,
			);
			sourceTree = "<group>";
		};
		2A5E85671CD9163000B9AE16 /* Products */ = {
			isa = PBXGroup;
			children = (
				2A5E85661CD9163000B9AE16 /* BitFreeze.app */,
				2A5E857A1CD9163000B9AE16 /* BitFreezeTests.xctest */,
				2A5E85851CD9163000B9AE16 /* BitFreezeUITests.xctest */,
				2A5E858E1CD9163000B9AE16 /* BitFreeze WatchKit App.app */,
				2A5E859D1CD9163000B9AE16 /* BitFreeze WatchKit Extension.appex */,
			);
			name = Products;
			sourceTree = "<group>";
		};
		2A5E85681CD9163000B9AE16 /* BitFreeze */ = {
			isa = PBXGroup;
			children = (
				2A5E85691CD9163000B9AE16 /* AppDelegate.swift */,
				2A5E856B1CD9163000B9AE16 /* ViewController.swift */,
				2A5E856D1CD9163000B9AE16 /* Main.storyboard */,
				2A5E85701CD9163000B9AE16 /* Assets.xcassets */,
				2A5E85721CD9163000B9AE16 /* LaunchScreen.storyboard */,
				2A5E85751CD9163000B9AE16 /* Info.plist */,
			);
			path = BitFreeze;
			sourceTree = "<group>";
		};
		2A5E857D1CD9163000B9AE16 /* BitFreezeTests */ = {
			isa = PBXGroup;
			children = (
				2A5E857E1CD9163000B9AE16 /* BitFreezeTests.swift */,
				2A5E85801CD9163000B9AE16 /* Info.plist */,
			);
			path = BitFreezeTests;
			sourceTree = "<group>";
		};
		2A5E85881CD9163000B9AE16 /* BitFreezeUITests */ = {
			isa = PBXGroup;
			children = (
				2A5E85891CD9163000B9AE16 /* BitFreezeUITests.swift */,
				2A5E858B1CD9163000B9AE16 /* Info.plist */,
			);
			path = BitFreezeUITests;
			sourceTree = "<group>";
		};
		2A5E85921CD9163000B9AE16 /* BitFreeze WatchKit App */ = {
			isa = PBXGroup;
			children = (
				2A5E85931CD9163000B9AE16 /* Interface.storyboard */,
				2A5E85961CD9163000B9AE16 /* Assets.xcassets */,
				2A5E85981CD9163000B9AE16 /* Info.plist */,
			);
			path = "BitFreeze WatchKit App";
			sourceTree = "<group>";
		};
		2A5E85A11CD9163000B9AE16 /* BitFreeze WatchKit Extension */ = {
			isa = PBXGroup;
			children = (
				2A5E85A41CD9163000B9AE16 /* InterfaceController.swift */,
				2A5E85A61CD9163000B9AE16 /* ExtensionDelegate.swift */,
				2A5E85A81CD9163000B9AE16 /* NotificationController.swift */,
				2A5E85AA1CD9163000B9AE16 /* GlanceController.swift */,
				2A5E85AC1CD9163000B9AE16 /* ComplicationController.swift */,
				2A5E85AE1CD9163100B9AE16 /* Assets.xcassets */,
				2A5E85B01CD9163100B9AE16 /* Info.plist */,
				2A5E85A21CD9163000B9AE16 /* Supporting Files */,
			);
			path = "BitFreeze WatchKit Extension";
			sourceTree = "<group>";
		};
		2A5E85A21CD9163000B9AE16 /* Supporting Files */ = {
			isa = PBXGroup;
			children = (
				2A5E85A31CD9163000B9AE16 /* PushNotificationPayload.apns */,
			);
			name = "Supporting Files";
			sourceTree = "<group>";
		};
/* End PBXGroup section */

/* Begin PBXNativeTarget section */
		2A5E85651CD9163000B9AE16 /* BitFreeze */ = {
			isa = PBXNativeTarget;
			buildConfigurationList = 2A5E85BB1CD9163100B9AE16 /* Build configuration list for PBXNativeTarget "BitFreeze" */;
			buildPhases = (
				2A5E85621CD9163000B9AE16 /* Sources */,
				2A5E85631CD9163000B9AE16 /* Frameworks */,
				2A5E85641CD9163000B9AE16 /* Resources */,
				2A5E85BA1CD9163100B9AE16 /* Embed Watch Content */,
			);
			buildRules = (
			);
			dependencies = (
				2A5E85911CD9163000B9AE16 /* PBXTargetDependency */,
			);
			name = BitFreeze;
			productName = BitFreeze;
			productReference = 2A5E85661CD9163000B9AE16 /* BitFreeze.app */;
			productType = "com.apple.product-type.application";
		};
		2A5E85791CD9163000B9AE16 /* BitFreezeTests */ = {
			isa = PBXNativeTarget;
			buildConfigurationList = 2A5E85BE1CD9163100B9AE16 /* Build configuration list for PBXNativeTarget "BitFreezeTests" */;
			buildPhases = (
				2A5E85761CD9163000B9AE16 /* Sources */,
				2A5E85771CD9163000B9AE16 /* Frameworks */,
				2A5E85781CD9163000B9AE16 /* Resources */,
			);
			buildRules = (
			);
			dependencies = (
				2A5E857C1CD9163000B9AE16 /* PBXTargetDependency */,
			);
			name = BitFreezeTests;
			productName = BitFreezeTests;
			productReference = 2A5E857A1CD9163000B9AE16 /* BitFreezeTests.xctest */;
			productType = "com.apple.product-type.bundle.unit-test";
		};
		2A5E85841CD9163000B9AE16 /* BitFreezeUITests */ = {
			isa = PBXNativeTarget;
			buildConfigurationList = 2A5E85C11CD9163100B9AE16 /* Build configuration list for PBXNativeTarget "BitFreezeUITests" */;
			buildPhases = (
				2A5E85811CD9163000B9AE16 /* Sources */,
				2A5E85821CD9163000B9AE16 /* Frameworks */,
				2A5E85831CD9163000B9AE16 /* Resources */,
			);
			buildRules = (
			);
			dependencies = (
				2A5E85871CD9163000B9AE16 /* PBXTargetDependency */,
			);
			name = BitFreezeUITests;
			productName = BitFreezeUITests;
			productReference = 2A5E85851CD9163000B9AE16 /* BitFreezeUITests.xctest */;
			productType = "com.apple.product-type.bundle.ui-testing";
		};
		2A5E858D1CD9163000B9AE16 /* BitFreeze WatchKit App */ = {
			isa = PBXNativeTarget;
			buildConfigurationList = 2A5E85B71CD9163100B9AE16 /* Build configuration list for PBXNativeTarget "BitFreeze WatchKit App" */;
			buildPhases = (
				2A5E858C1CD9163000B9AE16 /* Resources */,
				2A5E85B61CD9163100B9AE16 /* Embed App Extensions */,
			);
			buildRules = (
			);
			dependencies = (
				2A5E85A01CD9163000B9AE16 /* PBXTargetDependency */,
			);
			name = "BitFreeze WatchKit App";
			productName = "BitFreeze WatchKit App";
			productReference = 2A5E858E1CD9163000B9AE16 /* BitFreeze WatchKit App.app */;
			productType = "com.apple.product-type.application.watchapp2";
		};
		2A5E859C1CD9163000B9AE16 /* BitFreeze WatchKit Extension */ = {
			isa = PBXNativeTarget;
			buildConfigurationList = 2A5E85B31CD9163100B9AE16 /* Build configuration list for PBXNativeTarget "BitFreeze WatchKit Extension" */;
			buildPhases = (
				2A5E85991CD9163000B9AE16 /* Sources */,
				2A5E859A1CD9163000B9AE16 /* Frameworks */,
				2A5E859B1CD9163000B9AE16 /* Resources */,
			);
			buildRules = (
			);
			dependencies = (
			);
			name = "BitFreeze WatchKit Extension";
			productName = "BitFreeze WatchKit Extension";
			productReference = 2A5E859D1CD9163000B9AE16 /* BitFreeze WatchKit Extension.appex */;
			productType = "com.apple.product-type.watchkit2-extension";
		};
/* End PBXNativeTarget section */

/* Begin PBXProject section */
		2A5E855E1CD9163000B9AE16 /* Project object */ = {
			isa = PBXProject;
			attributes = {
				LastSwiftUpdateCheck = 0730;
				LastUpgradeCheck = 0730;
				ORGANIZATIONNAME = "Ipsum Corp.";
				TargetAttributes = {
					2A5E85651CD9163000B9AE16 = {
						CreatedOnToolsVersion = 7.3;
						DevelopmentTeam = EP442BQ3E9;
					};
					2A5E85791CD9163000B9AE16 = {
						CreatedOnToolsVersion = 7.3;
						DevelopmentTeam = EP442BQ3E9;
						TestTargetID = 2A5E85651CD9163000B9AE16;
					};
					2A5E85841CD9163000B9AE16 = {
						CreatedOnToolsVersion = 7.3;
						DevelopmentTeam = EP442BQ3E9;
						TestTargetID = 2A5E85651CD9163000B9AE16;
					};
					2A5E858D1CD9163000B9AE16 = {
						CreatedOnToolsVersion = 7.3;
						DevelopmentTeam = EP442BQ3E9;
					};
					2A5E859C1CD9163000B9AE16 = {
						CreatedOnToolsVersion = 7.3;
						DevelopmentTeam = EP442BQ3E9;
					};
				};
			};
			buildConfigurationList = 2A5E85611CD9163000B9AE16 /* Build configuration list for PBXProject "BitFreeze" */;
			compatibilityVersion = "Xcode 3.2";
			developmentRegion = English;
			hasScannedForEncodings = 0;
			knownRegions = (
				en,
				Base,
			);
			mainGroup = 2A5E855D1CD9163000B9AE16;
			productRefGroup = 2A5E85671CD9163000B9AE16 /* Products */;
			projectDirPath = "";
			projectRoot = "";
			targets = (
				2A5E85651CD9163000B9AE16 /* BitFreeze */,
				2A5E85791CD9163000B9AE16 /* BitFreezeTests */,
				2A5E85841CD9163000B9AE16 /* BitFreezeUITests */,
				2A5E858D1CD9163000B9AE16 /* BitFreeze WatchKit App */,
				2A5E859C1CD9163000B9AE16 /* BitFreeze WatchKit Extension */,
			);
		};
/* End PBXProject section */

/* Begin PBXResourcesBuildPhase section */
		2A5E85641CD9163000B9AE16 /* Resources */ = {
			isa = PBXResourcesBuildPhase;
			buildActionMask = 2147483647;
			files = (
				2A5E85741CD9163000B9AE16 /* LaunchScreen.storyboard in Resources */,
				2A5E85711CD9163000B9AE16 /* Assets.xcassets in Resources */,
				2A5E856F1CD9163000B9AE16 /* Main.storyboard in Resources */,
			);
			runOnlyForDeploymentPostprocessing = 0;
		};
		2A5E85781CD9163000B9AE16 /* Resources */ = {
			isa = PBXResourcesBuildPhase;
			buildActionMask = 2147483647;
			files = (
			);
			runOnlyForDeploymentPostprocessing = 0;
		};
		2A5E85831CD9163000B9AE16 /* Resources */ = {
			isa = PBXResourcesBuildPhase;
			buildActionMask = 2147483647;
			files = (
			);
			runOnlyForDeploymentPostprocessing = 0;
		};
		2A5E858C1CD9163000B9AE16 /* Resources */ = {
			isa = PBXResourcesBuildPhase;
			buildActionMask = 2147483647;
			files = (
				2A5E85971CD9163000B9AE16 /* Assets.xcassets in Resources */,
				2A5E85951CD9163000B9AE16 /* Interface.storyboard in Resources */,
			);
			runOnlyForDeploymentPostprocessing = 0;
		};
		2A5E859B1CD9163000B9AE16 /* Resources */ = {
			isa = PBXResourcesBuildPhase;
			buildActionMask = 2147483647;
			files = (
				2A5E85AF1CD9163100B9AE16 /* Assets.xcassets in Resources */,
			);
			runOnlyForDeploymentPostprocessing = 0;
		};
/* End PBXResourcesBuildPhase section */

/* Begin PBXSourcesBuildPhase section */
		2A5E85621CD9163000B9AE16 /* Sources */ = {
			isa = PBXSourcesBuildPhase;
			buildActionMask = 2147483647;
			files = (
				2A5E856C1CD9163000B9AE16 /* ViewController.swift in Sources */,
				2A5E856A1CD9163000B9AE16 /* AppDelegate.swift in Sources */,
			);
			runOnlyForDeploymentPostprocessing = 0;
		};
		2A5E85761CD9163000B9AE16 /* Sources */ = {
			isa = PBXSourcesBuildPhase;
			buildActionMask = 2147483647;
			files = (
				2A5E857F1CD9163000B9AE16 /* BitFreezeTests.swift in Sources */,
			);
			runOnlyForDeploymentPostprocessing = 0;
		};
		2A5E85811CD9163000B9AE16 /* Sources */ = {
			isa = PBXSourcesBuildPhase;
			buildActionMask = 2147483647;
			files = (
				2A5E858A1CD9163000B9AE16 /* BitFreezeUITests.swift in Sources */,
			);
			runOnlyForDeploymentPostprocessing = 0;
		};
		2A5E85991CD9163000B9AE16 /* Sources */ = {
			isa = PBXSourcesBuildPhase;
			buildActionMask = 2147483647;
			files = (
				2A5E85A91CD9163000B9AE16 /* NotificationController.swift in Sources */,
				2A5E85A71CD9163000B9AE16 /* ExtensionDelegate.swift in Sources */,
				2A5E85AD1CD9163000B9AE16 /* ComplicationController.swift in Sources */,
				2A5E85A51CD9163000B9AE16 /* InterfaceController.swift in Sources */,
				2A5E85AB1CD9163000B9AE16 /* GlanceController.swift in Sources */,
			);
			runOnlyForDeploymentPostprocessing = 0;
		};
/* End PBXSourcesBuildPhase section */

/* Begin PBXTargetDependency section */
		2A5E857C1CD9163000B9AE16 /* PBXTargetDependency */ = {
			isa = PBXTargetDependency;
			target = 2A5E85651CD9163000B9AE16 /* BitFreeze */;
			targetProxy = 2A5E857B1CD9163000B9AE16 /* PBXContainerItemProxy */;
		};
		2A5E85871CD9163000B9AE16 /* PBXTargetDependency */ = {
			isa = PBXTargetDependency;
			target = 2A5E85651CD9163000B9AE16 /* BitFreeze */;
			targetProxy = 2A5E85861CD9163000B9AE16 /* PBXContainerItemProxy */;
		};
		2A5E85911CD9163000B9AE16 /* PBXTargetDependency */ = {
			isa = PBXTargetDependency;
			target = 2A5E858D1CD9163000B9AE16 /* BitFreeze WatchKit App */;
			targetProxy = 2A5E85901CD9163000B9AE16 /* PBXContainerItemProxy */;
		};
		2A5E85A01CD9163000B9AE16 /* PBXTargetDependency */ = {
			isa = PBXTargetDependency;
			target = 2A5E859C1CD9163000B9AE16 /* BitFreeze WatchKit Extension */;
			targetProxy = 2A5E859F1CD9163000B9AE16 /* PBXContainerItemProxy */;
		};
/* End PBXTargetDependency section */

/* Begin PBXVariantGroup section */
		2A5E856D1CD9163000B9AE16 /* Main.storyboard */ = {
			isa = PBXVariantGroup;
			children = (
				2A5E856E1CD9163000B9AE16 /* Base */,
			);
			name = Main.storyboard;
			sourceTree = "<group>";
		};
		2A5E85721CD9163000B9AE16 /* LaunchScreen.storyboard */ = {
			isa = PBXVariantGroup;
			children = (
				2A5E85731CD9163000B9AE16 /* Base */,
			);
			name = LaunchScreen.storyboard;
			sourceTree = "<group>";
		};
		2A5E85931CD9163000B9AE16 /* Interface.storyboard */ = {
			isa = PBXVariantGroup;
			children = (
				2A5E85941CD9163000B9AE16 /* Base */,
			);
			name = Interface.storyboard;
			sourceTree = "<group>";
		};
/* End PBXVariantGroup section */

/* Begin XCBuildConfiguration section */
		2A5E85B11CD9163100B9AE16 /* Debug */ = {
			isa = XCBuildConfiguration;
			buildSettings = {
				ALWAYS_SEARCH_USER_PATHS = NO;
				CLANG_ANALYZER_NONNULL = YES;
				CLANG_CXX_LANGUAGE_STANDARD = "gnu++0x";
				CLANG_CXX_LIBRARY = "libc++";
				CLANG_ENABLE_MODULES = YES;
				CLANG_ENABLE_OBJC_ARC = YES;
				CLANG_WARN_BOOL_CONVERSION = YES;
				CLANG_WARN_CONSTANT_CONVERSION = YES;
				CLANG_WARN_DIRECT_OBJC_ISA_USAGE = YES_ERROR;
				CLANG_WARN_EMPTY_BODY = YES;
				CLANG_WARN_ENUM_CONVERSION = YES;
				CLANG_WARN_INT_CONVERSION = YES;
				CLANG_WARN_OBJC_ROOT_CLASS = YES_ERROR;
				CLANG_WARN_UNREACHABLE_CODE = YES;
				CLANG_WARN__DUPLICATE_METHOD_MATCH = YES;
				"CODE_SIGN_IDENTITY[sdk=iphoneos*]" = "iPhone Developer";
				COPY_PHASE_STRIP = NO;
				DEBUG_INFORMATION_FORMAT = dwarf;
				ENABLE_STRICT_OBJC_MSGSEND = YES;
				ENABLE_TESTABILITY = YES;
				GCC_C_LANGUAGE_STANDARD = gnu99;
				GCC_DYNAMIC_NO_PIC = NO;
				GCC_NO_COMMON_BLOCKS = YES;
				GCC_OPTIMIZATION_LEVEL = 0;
				GCC_PREPROCESSOR_DEFINITIONS = (
					"DEBUG=1",
					"$(inherited)",
				);
				GCC_WARN_64_TO_32_BIT_CONVERSION = YES;
				GCC_WARN_ABOUT_RETURN_TYPE = YES_ERROR;
				GCC_WARN_UNDECLARED_SELECTOR = YES;
				GCC_WARN_UNINITIALIZED_AUTOS = YES_AGGRESSIVE;
				GCC_WARN_UNUSED_FUNCTION = YES;
				GCC_WARN_UNUSED_VARIABLE = YES;
				IPHONEOS_DEPLOYMENT_TARGET = 9.3;
				MTL_ENABLE_DEBUG_INFO = YES;
				ONLY_ACTIVE_ARCH = YES;
				SDKROOT = iphoneos;
				SWIFT_OPTIMIZATION_LEVEL = "-Onone";
				TARGETED_DEVICE_FAMILY = "1,2";
			};
			name = Debug;
		};
		2A5E85B21CD9163100B9AE16 /* Release */ = {
			isa = XCBuildConfiguration;
			buildSettings = {
				ALWAYS_SEARCH_USER_PATHS = NO;
				CLANG_ANALYZER_NONNULL = YES;
				CLANG_CXX_LANGUAGE_STANDARD = "gnu++0x";
				CLANG_CXX_LIBRARY = "libc++";
				CLANG_ENABLE_MODULES = YES;
				CLANG_ENABLE_OBJC_ARC = YES;
				CLANG_WARN_BOOL_CONVERSION = YES;
				CLANG_WARN_CONSTANT_CONVERSION = YES;
				CLANG_WARN_DIRECT_OBJC_ISA_USAGE = YES_ERROR;
				CLANG_WARN_EMPTY_BODY = YES;
				CLANG_WARN_ENUM_CONVERSION = YES;
				CLANG_WARN_INT_CONVERSION = YES;
				CLANG_WARN_OBJC_ROOT_CLASS = YES_ERROR;
				CLANG_WARN_UNREACHABLE_CODE = YES;
				CLANG_WARN__DUPLICATE_METHOD_MATCH = YES;
				"CODE_SIGN_IDENTITY[sdk=iphoneos*]" = "iPhone Developer";
				COPY_PHASE_STRIP = NO;
				DEBUG_INFORMATION_FORMAT = "dwarf-with-dsym";
				ENABLE_NS_ASSERTIONS = NO;
				ENABLE_STRICT_OBJC_MSGSEND = YES;
				GCC_C_LANGUAGE_STANDARD = gnu99;
				GCC_NO_COMMON_BLOCKS = YES;
				GCC_WARN_64_TO_32_BIT_CONVERSION = YES;
				GCC_WARN_ABOUT_RETURN_TYPE = YES_ERROR;
				GCC_WARN_UNDECLARED_SELECTOR = YES;
				GCC_WARN_UNINITIALIZED_AUTOS = YES_AGGRESSIVE;
				GCC_WARN_UNUSED_FUNCTION = YES;
				GCC_WARN_UNUSED_VARIABLE = YES;
				IPHONEOS_DEPLOYMENT_TARGET = 9.3;
				MTL_ENABLE_DEBUG_INFO = NO;
				SDKROOT = iphoneos;
				TARGETED_DEVICE_FAMILY = "1,2";
				VALIDATE_PRODUCT = YES;
			};
			name = Release;
		};
		2A5E85B41CD9163100B9AE16 /* Debug */ = {
			isa = XCBuildConfiguration;
			buildSettings = {
				ASSETCATALOG_COMPILER_COMPLICATION_NAME = Complication;
				INFOPLIST_FILE = "BitFreeze WatchKit Extension/Info.plist";
				LD_RUNPATH_SEARCH_PATHS = "$(inherited) @executable_path/Frameworks @executable_path/../../Frameworks";
				PRODUCT_BUNDLE_IDENTIFIER = com.IpsumCorp.BitFreeze.watchkitapp.watchkitextension;
				PRODUCT_NAME = "${TARGET_NAME}";
				SDKROOT = watchos;
				SKIP_INSTALL = YES;
				TARGETED_DEVICE_FAMILY = 4;
				WATCHOS_DEPLOYMENT_TARGET = 2.2;
			};
			name = Debug;
		};
		2A5E85B51CD9163100B9AE16 /* Release */ = {
			isa = XCBuildConfiguration;
			buildSettings = {
				ASSETCATALOG_COMPILER_COMPLICATION_NAME = Complication;
				INFOPLIST_FILE = "BitFreeze WatchKit Extension/Info.plist";
				LD_RUNPATH_SEARCH_PATHS = "$(inherited) @executable_path/Frameworks @executable_path/../../Frameworks";
				PRODUCT_BUNDLE_IDENTIFIER = com.IpsumCorp.BitFreeze.watchkitapp.watchkitextension;
				PRODUCT_NAME = "${TARGET_NAME}";
				SDKROOT = watchos;
				SKIP_INSTALL = YES;
				TARGETED_DEVICE_FAMILY = 4;
				WATCHOS_DEPLOYMENT_TARGET = 2.2;
			};
			name = Release;
		};
		2A5E85B81CD9163100B9AE16 /* Debug */ = {
			isa = XCBuildConfiguration;
			buildSettings = {
				ASSETCATALOG_COMPILER_APPICON_NAME = AppIcon;
				EMBEDDED_CONTENT_CONTAINS_SWIFT = YES;
				IBSC_MODULE = BitFreeze_WatchKit_Extension;
				INFOPLIST_FILE = "BitFreeze WatchKit App/Info.plist";
				PRODUCT_BUNDLE_IDENTIFIER = com.IpsumCorp.BitFreeze.watchkitapp;
				PRODUCT_NAME = "$(TARGET_NAME)";
				SDKROOT = watchos;
				SKIP_INSTALL = YES;
				TARGETED_DEVICE_FAMILY = 4;
				WATCHOS_DEPLOYMENT_TARGET = 2.2;
			};
			name = Debug;
		};
		2A5E85B91CD9163100B9AE16 /* Release */ = {
			isa = XCBuildConfiguration;
			buildSettings = {
				ASSETCATALOG_COMPILER_APPICON_NAME = AppIcon;
				EMBEDDED_CONTENT_CONTAINS_SWIFT = YES;
				IBSC_MODULE = BitFreeze_WatchKit_Extension;
				INFOPLIST_FILE = "BitFreeze WatchKit App/Info.plist";
				PRODUCT_BUNDLE_IDENTIFIER = com.IpsumCorp.BitFreeze.watchkitapp;
				PRODUCT_NAME = "$(TARGET_NAME)";
				SDKROOT = watchos;
				SKIP_INSTALL = YES;
				TARGETED_DEVICE_FAMILY = 4;
				WATCHOS_DEPLOYMENT_TARGET = 2.2;
			};
			name = Release;
		};
		2A5E85BC1CD9163100B9AE16 /* Debug */ = {
			isa = XCBuildConfiguration;
			buildSettings = {
				ASSETCATALOG_COMPILER_APPICON_NAME = AppIcon;
				INFOPLIST_FILE = BitFreeze/Info.plist;
				LD_RUNPATH_SEARCH_PATHS = "$(inherited) @executable_path/Frameworks";
				PRODUCT_BUNDLE_IDENTIFIER = com.IpsumCorp.BitFreeze;
				PRODUCT_NAME = "$(TARGET_NAME)";
			};
			name = Debug;
		};
		2A5E85BD1CD9163100B9AE16 /* Release */ = {
			isa = XCBuildConfiguration;
			buildSettings = {
				ASSETCATALOG_COMPILER_APPICON_NAME = AppIcon;
				INFOPLIST_FILE = BitFreeze/Info.plist;
				LD_RUNPATH_SEARCH_PATHS = "$(inherited) @executable_path/Frameworks";
				PRODUCT_BUNDLE_IDENTIFIER = com.IpsumCorp.BitFreeze;
				PRODUCT_NAME = "$(TARGET_NAME)";
			};
			name = Release;
		};
		2A5E85BF1CD9163100B9AE16 /* Debug */ = {
			isa = XCBuildConfiguration;
			buildSettings = {
				BUNDLE_LOADER = "$(TEST_HOST)";
				INFOPLIST_FILE = BitFreezeTests/Info.plist;
				LD_RUNPATH_SEARCH_PATHS = "$(inherited) @executable_path/Frameworks @loader_path/Frameworks";
				PRODUCT_BUNDLE_IDENTIFIER = com.IpsumCorp.BitFreezeTests;
				PRODUCT_NAME = "$(TARGET_NAME)";
				TEST_HOST = "$(BUILT_PRODUCTS_DIR)/BitFreeze.app/BitFreeze";
			};
			name = Debug;
		};
		2A5E85C01CD9163100B9AE16 /* Release */ = {
			isa = XCBuildConfiguration;
			buildSettings = {
				BUNDLE_LOADER = "$(TEST_HOST)";
				INFOPLIST_FILE = BitFreezeTests/Info.plist;
				LD_RUNPATH_SEARCH_PATHS = "$(inherited) @executable_path/Frameworks @loader_path/Frameworks";
				PRODUCT_BUNDLE_IDENTIFIER = com.IpsumCorp.BitFreezeTests;
				PRODUCT_NAME = "$(TARGET_NAME)";
				TEST_HOST = "$(BUILT_PRODUCTS_DIR)/BitFreeze.app/BitFreeze";
			};
			name = Release;
		};
		2A5E85C21CD9163100B9AE16 /* Debug */ = {
			isa = XCBuildConfiguration;
			buildSettings = {
				INFOPLIST_FILE = BitFreezeUITests/Info.plist;
				LD_RUNPATH_SEARCH_PATHS = "$(inherited) @executable_path/Frameworks @loader_path/Frameworks";
				PRODUCT_BUNDLE_IDENTIFIER = com.IpsumCorp.BitFreezeUITests;
				PRODUCT_NAME = "$(TARGET_NAME)";
				TEST_TARGET_NAME = BitFreeze;
			};
			name = Debug;
		};
		2A5E85C31CD9163100B9AE16 /* Release */ = {
			isa = XCBuildConfiguration;
			buildSettings = {
				INFOPLIST_FILE = BitFreezeUITests/Info.plist;
				LD_RUNPATH_SEARCH_PATHS = "$(inherited) @executable_path/Frameworks @loader_path/Frameworks";
				PRODUCT_BUNDLE_IDENTIFIER = com.IpsumCorp.BitFreezeUITests;
				PRODUCT_NAME = "$(TARGET_NAME)";
				TEST_TARGET_NAME = BitFreeze;
			};
			name = Release;
		};
/* End XCBuildConfiguration section */

/* Begin XCConfigurationList section */
		2A5E85611CD9163000B9AE16 /* Build configuration list for PBXProject "BitFreeze" */ = {
			isa = XCConfigurationList;
			buildConfigurations = (
				2A5E85B11CD9163100B9AE16 /* Debug */,
				2A5E85B21CD9163100B9AE16 /* Release */,
			);
			defaultConfigurationIsVisible = 0;
			defaultConfigurationName = Release;
		};
		2A5E85B31CD9163100B9AE16 /* Build configuration list for PBXNativeTarget "BitFreeze WatchKit Extension" */ = {
			isa = XCConfigurationList;
			buildConfigurations = (
				2A5E85B41CD9163100B9AE16 /* Debug */,
				2A5E85B51CD9163100B9AE16 /* Release */,
			);
			defaultConfigurationIsVisible = 0;
		};
		2A5E85B71CD9163100B9AE16 /* Build configuration list for PBXNativeTarget "BitFreeze WatchKit App" */ = {
			isa = XCConfigurationList;
			buildConfigurations = (
				2A5E85B81CD9163100B9AE16 /* Debug */,
				2A5E85B91CD9163100B9AE16 /* Release */,
			);
			defaultConfigurationIsVisible = 0;
		};
		2A5E85BB1CD9163100B9AE16 /* Build configuration list for PBXNativeTarget "BitFreeze" */ = {
			isa = XCConfigurationList;
			buildConfigurations = (
				2A5E85BC1CD9163100B9AE16 /* Debug */,
				2A5E85BD1CD9163100B9AE16 /* Release */,
			);
			defaultConfigurationIsVisible = 0;
		};
		2A5E85BE1CD9163100B9AE16 /* Build configuration list for PBXNativeTarget "BitFreezeTests" */ = {
			isa = XCConfigurationList;
			buildConfigurations = (
				2A5E85BF1CD9163100B9AE16 /* Debug */,
				2A5E85C01CD9163100B9AE16 /* Release */,
			);
			defaultConfigurationIsVisible = 0;
		};
		2A5E85C11CD9163100B9AE16 /* Build configuration list for PBXNativeTarget "BitFreezeUITests" */ = {
			isa = XCConfigurationList;
			buildConfigurations = (
				2A5E85C21CD9163100B9AE16 /* Debug */,
				2A5E85C31CD9163100B9AE16 /* Release */,
			);
			defaultConfigurationIsVisible = 0;
		};
/* End XCConfigurationList section */
	};
	rootObject = 2A5E855E1CD9163000B9AE16 /* Project object */;
}
